
Microsoft Visual Studio Solution File, Format Version 12.00
# Visual Studio Version 17
VisualStudioVersion = 17.0.31903.59
MinimumVisualStudioVersion = 10.0.40219.1
Project("{FAE04EC0-301F-11D3-BF4B-00C04F79EFBC}") = "API", "API\API.csproj", "{D37A68EC-7C3C-4907-905E-961212EC3433}"
EndProject
Project("{FAE04EC0-301F-11D3-BF4B-00C04F79EFBC}") = "Core", "Core\Core.csproj", "{487561DD-EC5B-4BD0-BCEE-A50CD60B4549}"
EndProject
Project("{FAE04EC0-301F-11D3-BF4B-00C04F79EFBC}") = "Infrastructure", "Infrastructure\Infrastructure.csproj", "{2B181469-A417-4AF7-ABDA-FF1355312D77}"
EndProject
Global
	GlobalSection(SolutionConfigurationPlatforms) = preSolution
		Debug|Any CPU = Debug|Any CPU
		Release|Any CPU = Release|Any CPU
	EndGlobalSection
	GlobalSection(SolutionProperties) = preSolution
		HideSolutionNode = FALSE
	EndGlobalSection
	GlobalSection(ProjectConfigurationPlatforms) = postSolution
		{D37A68EC-7C3C-4907-905E-961212EC3433}.Debug|Any CPU.ActiveCfg = Debug|Any CPU
		{D37A68EC-7C3C-4907-905E-961212EC3433}.Debug|Any CPU.Build.0 = Debug|Any CPU
		{D37A68EC-7C3C-4907-905E-961212EC3433}.Release|Any CPU.ActiveCfg = Release|Any CPU
		{D37A68EC-7C3C-4907-905E-961212EC3433}.Release|Any CPU.Build.0 = Release|Any CPU
		{487561DD-EC5B-4BD0-BCEE-A50CD60B4549}.Debug|Any CPU.ActiveCfg = Debug|Any CPU
		{487561DD-EC5B-4BD0-BCEE-A50CD60B4549}.Debug|Any CPU.Build.0 = Debug|Any CPU
		{487561DD-EC5B-4BD0-BCEE-A50CD60B4549}.Release|Any CPU.ActiveCfg = Release|Any CPU
		{487561DD-EC5B-4BD0-BCEE-A50CD60B4549}.Release|Any CPU.Build.0 = Release|Any CPU
		{2B181469-A417-4AF7-ABDA-FF1355312D77}.Debug|Any CPU.ActiveCfg = Debug|Any CPU
		{2B181469-A417-4AF7-ABDA-FF1355312D77}.Debug|Any CPU.Build.0 = Debug|Any CPU
		{2B181469-A417-4AF7-ABDA-FF1355312D77}.Release|Any CPU.ActiveCfg = Release|Any CPU
		{2B181469-A417-4AF7-ABDA-FF1355312D77}.Release|Any CPU.Build.0 = Release|Any CPU
	EndGlobalSection
EndGlobal
